// !$*UTF8*$!
{
	archiveVersion = 1;
	classes = {
	};
	objectVersion = 56;
	objects = {

/* Begin PBXBuildFile section */
		65CBA7D42C3E5D9B0095201A /* RxCocoa in Frameworks */ = {isa = PBXBuildFile; productRef = 65CBA7D32C3E5D9B0095201A /* RxCocoa */; };
		65CBA7D62C3E5D9B0095201A /* RxSwift in Frameworks */ = {isa = PBXBuildFile; productRef = 65CBA7D52C3E5D9B0095201A /* RxSwift */; };
		65CBA7D92C3E5E610095201A /* Network Manager.swift in Sources */ = {isa = PBXBuildFile; fileRef = 65CBA7D82C3E5E610095201A /* Network Manager.swift */; };
		65CBA7DC2C3E5EB60095201A /* EarthquakeViewModel.swift in Sources */ = {isa = PBXBuildFile; fileRef = 65CBA7DB2C3E5EB60095201A /* EarthquakeViewModel.swift */; };
		65CBA7DE2C3E5F800095201A /* EathquakeStructure.swift in Sources */ = {isa = PBXBuildFile; fileRef = 65CBA7DD2C3E5F800095201A /* EathquakeStructure.swift */; };
		65CBA7E02C3E5FB20095201A /* EarthquakeJSONStructure.swift in Sources */ = {isa = PBXBuildFile; fileRef = 65CBA7DF2C3E5FB20095201A /* EarthquakeJSONStructure.swift */; };
		E40A6CC02C33CE880067FBAD /* Favourites+CoreDataClass.swift in Sources */ = {isa = PBXBuildFile; fileRef = E40A6CBE2C33CE880067FBAD /* Favourites+CoreDataClass.swift */; };
		E40A6CC12C33CE880067FBAD /* Favourites+CoreDataProperties.swift in Sources */ = {isa = PBXBuildFile; fileRef = E40A6CBF2C33CE880067FBAD /* Favourites+CoreDataProperties.swift */; };
		E40A6CC52C33CF7E0067FBAD /* FavouritesLocationCell.swift in Sources */ = {isa = PBXBuildFile; fileRef = E40A6CC42C33CF7E0067FBAD /* FavouritesLocationCell.swift */; };
		E40A6CC72C33F7BC0067FBAD /* DetailTableCell.swift in Sources */ = {isa = PBXBuildFile; fileRef = E40A6CC62C33F7BC0067FBAD /* DetailTableCell.swift */; };
		E44B619E2C23FA0E008D6D77 /* Extensions.swift in Sources */ = {isa = PBXBuildFile; fileRef = E44B619D2C23FA0E008D6D77 /* Extensions.swift */; };
		E44B61A02C240DC0008D6D77 /* MainTabBarController.swift in Sources */ = {isa = PBXBuildFile; fileRef = E44B619F2C240DC0008D6D77 /* MainTabBarController.swift */; };
		E44B61A22C240FAD008D6D77 /* MapViewController.swift in Sources */ = {isa = PBXBuildFile; fileRef = E44B61A12C240FAD008D6D77 /* MapViewController.swift */; };
		E44B61A42C241014008D6D77 /* SearchViewController.swift in Sources */ = {isa = PBXBuildFile; fileRef = E44B61A32C241014008D6D77 /* SearchViewController.swift */; };
		E44B61A62C2410B0008D6D77 /* FavouritesController.swift in Sources */ = {isa = PBXBuildFile; fileRef = E44B61A52C2410B0008D6D77 /* FavouritesController.swift */; };
		E44B61A82C24110F008D6D77 /* DetailedViewController.swift in Sources */ = {isa = PBXBuildFile; fileRef = E44B61A72C24110F008D6D77 /* DetailedViewController.swift */; };
		E4535FBF2C3680F500DE2B47 /* CoreDataService.swift in Sources */ = {isa = PBXBuildFile; fileRef = E4535FBE2C3680F500DE2B47 /* CoreDataService.swift */; };
		E4C1ADA22C1B2202003F3798 /* AppDelegate.swift in Sources */ = {isa = PBXBuildFile; fileRef = E4C1ADA12C1B2202003F3798 /* AppDelegate.swift */; };
		E4C1ADA42C1B2202003F3798 /* SceneDelegate.swift in Sources */ = {isa = PBXBuildFile; fileRef = E4C1ADA32C1B2202003F3798 /* SceneDelegate.swift */; };
		E4C1ADA62C1B2202003F3798 /* ViewController.swift in Sources */ = {isa = PBXBuildFile; fileRef = E4C1ADA52C1B2202003F3798 /* ViewController.swift */; };
		E4C1ADAB2C1B2204003F3798 /* Assets.xcassets in Resources */ = {isa = PBXBuildFile; fileRef = E4C1ADAA2C1B2204003F3798 /* Assets.xcassets */; };
		E4C1ADAE2C1B2204003F3798 /* Base in Resources */ = {isa = PBXBuildFile; fileRef = E4C1ADAD2C1B2204003F3798 /* Base */; };
		E4C1ADB92C1B2204003F3798 /* EarthQuakeMonitoringTests.swift in Sources */ = {isa = PBXBuildFile; fileRef = E4C1ADB82C1B2204003F3798 /* EarthQuakeMonitoringTests.swift */; };
		E4C1ADC32C1B2204003F3798 /* EarthQuakeMonitoringUITests.swift in Sources */ = {isa = PBXBuildFile; fileRef = E4C1ADC22C1B2204003F3798 /* EarthQuakeMonitoringUITests.swift */; };
		E4C1ADC52C1B2204003F3798 /* EarthQuakeMonitoringUITestsLaunchTests.swift in Sources */ = {isa = PBXBuildFile; fileRef = E4C1ADC42C1B2204003F3798 /* EarthQuakeMonitoringUITestsLaunchTests.swift */; };
/* End PBXBuildFile section */

/* Begin PBXContainerItemProxy section */
		E4C1ADB52C1B2204003F3798 /* PBXContainerItemProxy */ = {
			isa = PBXContainerItemProxy;
			containerPortal = E4C1AD962C1B2202003F3798 /* Project object */;
			proxyType = 1;
			remoteGlobalIDString = E4C1AD9D2C1B2202003F3798;
			remoteInfo = EarthQuakeMonitoring;
		};
		E4C1ADBF2C1B2204003F3798 /* PBXContainerItemProxy */ = {
			isa = PBXContainerItemProxy;
			containerPortal = E4C1AD962C1B2202003F3798 /* Project object */;
			proxyType = 1;
			remoteGlobalIDString = E4C1AD9D2C1B2202003F3798;
			remoteInfo = EarthQuakeMonitoring;
		};
/* End PBXContainerItemProxy section */

/* Begin PBXFileReference section */
		65CBA7D82C3E5E610095201A /* Network Manager.swift */ = {isa = PBXFileReference; lastKnownFileType = sourcecode.swift; path = "Network Manager.swift"; sourceTree = "<group>"; };
		65CBA7DB2C3E5EB60095201A /* EarthquakeViewModel.swift */ = {isa = PBXFileReference; lastKnownFileType = sourcecode.swift; path = EarthquakeViewModel.swift; sourceTree = "<group>"; };
		65CBA7DD2C3E5F800095201A /* EathquakeStructure.swift */ = {isa = PBXFileReference; lastKnownFileType = sourcecode.swift; path = EathquakeStructure.swift; sourceTree = "<group>"; };
		65CBA7DF2C3E5FB20095201A /* EarthquakeJSONStructure.swift */ = {isa = PBXFileReference; lastKnownFileType = sourcecode.swift; path = EarthquakeJSONStructure.swift; sourceTree = "<group>"; };
		E40A6CBE2C33CE880067FBAD /* Favourites+CoreDataClass.swift */ = {isa = PBXFileReference; lastKnownFileType = sourcecode.swift; path = "Favourites+CoreDataClass.swift"; sourceTree = "<group>"; };
		E40A6CBF2C33CE880067FBAD /* Favourites+CoreDataProperties.swift */ = {isa = PBXFileReference; lastKnownFileType = sourcecode.swift; path = "Favourites+CoreDataProperties.swift"; sourceTree = "<group>"; };
		E40A6CC42C33CF7E0067FBAD /* FavouritesLocationCell.swift */ = {isa = PBXFileReference; lastKnownFileType = sourcecode.swift; path = FavouritesLocationCell.swift; sourceTree = "<group>"; };
		E40A6CC62C33F7BC0067FBAD /* DetailTableCell.swift */ = {isa = PBXFileReference; lastKnownFileType = sourcecode.swift; path = DetailTableCell.swift; sourceTree = "<group>"; };
		E44B619D2C23FA0E008D6D77 /* Extensions.swift */ = {isa = PBXFileReference; lastKnownFileType = sourcecode.swift; path = Extensions.swift; sourceTree = "<group>"; };
		E44B619F2C240DC0008D6D77 /* MainTabBarController.swift */ = {isa = PBXFileReference; lastKnownFileType = sourcecode.swift; path = MainTabBarController.swift; sourceTree = "<group>"; };
		E44B61A12C240FAD008D6D77 /* MapViewController.swift */ = {isa = PBXFileReference; lastKnownFileType = sourcecode.swift; path = MapViewController.swift; sourceTree = "<group>"; };
		E44B61A32C241014008D6D77 /* SearchViewController.swift */ = {isa = PBXFileReference; lastKnownFileType = sourcecode.swift; path = SearchViewController.swift; sourceTree = "<group>"; };
		E44B61A52C2410B0008D6D77 /* FavouritesController.swift */ = {isa = PBXFileReference; lastKnownFileType = sourcecode.swift; path = FavouritesController.swift; sourceTree = "<group>"; };
		E44B61A72C24110F008D6D77 /* DetailedViewController.swift */ = {isa = PBXFileReference; lastKnownFileType = sourcecode.swift; path = DetailedViewController.swift; sourceTree = "<group>"; };
		E4535FBE2C3680F500DE2B47 /* CoreDataService.swift */ = {isa = PBXFileReference; lastKnownFileType = sourcecode.swift; path = CoreDataService.swift; sourceTree = "<group>"; };
		E4C1AD9E2C1B2202003F3798 /* EarthQuakeMonitoring.app */ = {isa = PBXFileReference; explicitFileType = wrapper.application; includeInIndex = 0; path = EarthQuakeMonitoring.app; sourceTree = BUILT_PRODUCTS_DIR; };
		E4C1ADA12C1B2202003F3798 /* AppDelegate.swift */ = {isa = PBXFileReference; lastKnownFileType = sourcecode.swift; path = AppDelegate.swift; sourceTree = "<group>"; };
		E4C1ADA32C1B2202003F3798 /* SceneDelegate.swift */ = {isa = PBXFileReference; lastKnownFileType = sourcecode.swift; path = SceneDelegate.swift; sourceTree = "<group>"; };
		E4C1ADA52C1B2202003F3798 /* ViewController.swift */ = {isa = PBXFileReference; lastKnownFileType = sourcecode.swift; path = ViewController.swift; sourceTree = "<group>"; };
		E4C1ADAA2C1B2204003F3798 /* Assets.xcassets */ = {isa = PBXFileReference; lastKnownFileType = folder.assetcatalog; path = Assets.xcassets; sourceTree = "<group>"; };
		E4C1ADAD2C1B2204003F3798 /* Base */ = {isa = PBXFileReference; lastKnownFileType = file.storyboard; name = Base; path = Base.lproj/LaunchScreen.storyboard; sourceTree = "<group>"; };
		E4C1ADAF2C1B2204003F3798 /* Info.plist */ = {isa = PBXFileReference; lastKnownFileType = text.plist.xml; path = Info.plist; sourceTree = "<group>"; };
		E4C1ADB42C1B2204003F3798 /* EarthQuakeMonitoringTests.xctest */ = {isa = PBXFileReference; explicitFileType = wrapper.cfbundle; includeInIndex = 0; path = EarthQuakeMonitoringTests.xctest; sourceTree = BUILT_PRODUCTS_DIR; };
		E4C1ADB82C1B2204003F3798 /* EarthQuakeMonitoringTests.swift */ = {isa = PBXFileReference; lastKnownFileType = sourcecode.swift; path = EarthQuakeMonitoringTests.swift; sourceTree = "<group>"; };
		E4C1ADBE2C1B2204003F3798 /* EarthQuakeMonitoringUITests.xctest */ = {isa = PBXFileReference; explicitFileType = wrapper.cfbundle; includeInIndex = 0; path = EarthQuakeMonitoringUITests.xctest; sourceTree = BUILT_PRODUCTS_DIR; };
		E4C1ADC22C1B2204003F3798 /* EarthQuakeMonitoringUITests.swift */ = {isa = PBXFileReference; lastKnownFileType = sourcecode.swift; path = EarthQuakeMonitoringUITests.swift; sourceTree = "<group>"; };
		E4C1ADC42C1B2204003F3798 /* EarthQuakeMonitoringUITestsLaunchTests.swift */ = {isa = PBXFileReference; lastKnownFileType = sourcecode.swift; path = EarthQuakeMonitoringUITestsLaunchTests.swift; sourceTree = "<group>"; };
/* End PBXFileReference section */

/* Begin PBXFrameworksBuildPhase section */
		E4C1AD9B2C1B2202003F3798 /* Frameworks */ = {
			isa = PBXFrameworksBuildPhase;
			buildActionMask = 2147483647;
			files = (
				65CBA7D62C3E5D9B0095201A /* RxSwift in Frameworks */,
				65CBA7D42C3E5D9B0095201A /* RxCocoa in Frameworks */,
			);
			runOnlyForDeploymentPostprocessing = 0;
		};
		E4C1ADB12C1B2204003F3798 /* Frameworks */ = {
			isa = PBXFrameworksBuildPhase;
			buildActionMask = 2147483647;
			files = (
			);
			runOnlyForDeploymentPostprocessing = 0;
		};
		E4C1ADBB2C1B2204003F3798 /* Frameworks */ = {
			isa = PBXFrameworksBuildPhase;
			buildActionMask = 2147483647;
			files = (
			);
			runOnlyForDeploymentPostprocessing = 0;
		};
/* End PBXFrameworksBuildPhase section */

/* Begin PBXGroup section */
		65CBA7DA2C3E5E890095201A /* ViewModel */ = {
			isa = PBXGroup;
			children = (
				65CBA7DB2C3E5EB60095201A /* EarthquakeViewModel.swift */,
			);
			path = ViewModel;
			sourceTree = "<group>";
		};
		E44B61992C23F6C9008D6D77 /* service */ = {
			isa = PBXGroup;
			children = (
				E44B619D2C23FA0E008D6D77 /* Extensions.swift */,
				E4535FBE2C3680F500DE2B47 /* CoreDataService.swift */,
				65CBA7D82C3E5E610095201A /* Network Manager.swift */,
			);
			path = service;
			sourceTree = "<group>";
		};
		E44B619A2C23F6DA008D6D77 /* controller */ = {
			isa = PBXGroup;
			children = (
				E44B619F2C240DC0008D6D77 /* MainTabBarController.swift */,
				E44B61A12C240FAD008D6D77 /* MapViewController.swift */,
				E44B61A32C241014008D6D77 /* SearchViewController.swift */,
				E44B61A52C2410B0008D6D77 /* FavouritesController.swift */,
				E44B61A72C24110F008D6D77 /* DetailedViewController.swift */,
			);
			path = controller;
			sourceTree = "<group>";
		};
		E44B619B2C23F9D1008D6D77 /* Models */ = {
			isa = PBXGroup;
			children = (
				E40A6CBE2C33CE880067FBAD /* Favourites+CoreDataClass.swift */,
				E40A6CBF2C33CE880067FBAD /* Favourites+CoreDataProperties.swift */,
				65CBA7DD2C3E5F800095201A /* EathquakeStructure.swift */,
				65CBA7DF2C3E5FB20095201A /* EarthquakeJSONStructure.swift */,
			);
			path = Models;
			sourceTree = "<group>";
		};
		E44B619C2C23F9E8008D6D77 /* Views */ = {
			isa = PBXGroup;
			children = (
				E40A6CC42C33CF7E0067FBAD /* FavouritesLocationCell.swift */,
				E40A6CC62C33F7BC0067FBAD /* DetailTableCell.swift */,
			);
			path = Views;
			sourceTree = "<group>";
		};
		E4C1AD952C1B2202003F3798 = {
			isa = PBXGroup;
			children = (
				E4C1ADA02C1B2202003F3798 /* EarthQuakeMonitoring */,
				E4C1ADB72C1B2204003F3798 /* EarthQuakeMonitoringTests */,
				E4C1ADC12C1B2204003F3798 /* EarthQuakeMonitoringUITests */,
				E4C1AD9F2C1B2202003F3798 /* Products */,
			);
			sourceTree = "<group>";
		};
		E4C1AD9F2C1B2202003F3798 /* Products */ = {
			isa = PBXGroup;
			children = (
				E4C1AD9E2C1B2202003F3798 /* EarthQuakeMonitoring.app */,
				E4C1ADB42C1B2204003F3798 /* EarthQuakeMonitoringTests.xctest */,
				E4C1ADBE2C1B2204003F3798 /* EarthQuakeMonitoringUITests.xctest */,
			);
			name = Products;
			sourceTree = "<group>";
		};
		E4C1ADA02C1B2202003F3798 /* EarthQuakeMonitoring */ = {
			isa = PBXGroup;
			children = (
				65CBA7DA2C3E5E890095201A /* ViewModel */,
				E44B619C2C23F9E8008D6D77 /* Views */,
				E44B619B2C23F9D1008D6D77 /* Models */,
				E44B619A2C23F6DA008D6D77 /* controller */,
				E44B61992C23F6C9008D6D77 /* service */,
				E4C1ADA12C1B2202003F3798 /* AppDelegate.swift */,
				E4C1ADA32C1B2202003F3798 /* SceneDelegate.swift */,
				E4C1ADA52C1B2202003F3798 /* ViewController.swift */,
				E4C1ADAA2C1B2204003F3798 /* Assets.xcassets */,
				E4C1ADAC2C1B2204003F3798 /* LaunchScreen.storyboard */,
				E4C1ADAF2C1B2204003F3798 /* Info.plist */,
			);
			path = EarthQuakeMonitoring;
			sourceTree = "<group>";
		};
		E4C1ADB72C1B2204003F3798 /* EarthQuakeMonitoringTests */ = {
			isa = PBXGroup;
			children = (
				E4C1ADB82C1B2204003F3798 /* EarthQuakeMonitoringTests.swift */,
			);
			path = EarthQuakeMonitoringTests;
			sourceTree = "<group>";
		};
		E4C1ADC12C1B2204003F3798 /* EarthQuakeMonitoringUITests */ = {
			isa = PBXGroup;
			children = (
				E4C1ADC22C1B2204003F3798 /* EarthQuakeMonitoringUITests.swift */,
				E4C1ADC42C1B2204003F3798 /* EarthQuakeMonitoringUITestsLaunchTests.swift */,
			);
			path = EarthQuakeMonitoringUITests;
			sourceTree = "<group>";
		};
/* End PBXGroup section */

/* Begin PBXNativeTarget section */
		E4C1AD9D2C1B2202003F3798 /* EarthQuakeMonitoring */ = {
			isa = PBXNativeTarget;
			buildConfigurationList = E4C1ADC82C1B2204003F3798 /* Build configuration list for PBXNativeTarget "EarthQuakeMonitoring" */;
			buildPhases = (
				E4C1AD9A2C1B2202003F3798 /* Sources */,
				E4C1AD9B2C1B2202003F3798 /* Frameworks */,
				E4C1AD9C2C1B2202003F3798 /* Resources */,
			);
			buildRules = (
			);
			dependencies = (
			);
			name = EarthQuakeMonitoring;
			packageProductDependencies = (
				65CBA7D32C3E5D9B0095201A /* RxCocoa */,
				65CBA7D52C3E5D9B0095201A /* RxSwift */,
			);
			productName = EarthQuakeMonitoring;
			productReference = E4C1AD9E2C1B2202003F3798 /* EarthQuakeMonitoring.app */;
			productType = "com.apple.product-type.application";
		};
		E4C1ADB32C1B2204003F3798 /* EarthQuakeMonitoringTests */ = {
			isa = PBXNativeTarget;
			buildConfigurationList = E4C1ADCB2C1B2204003F3798 /* Build configuration list for PBXNativeTarget "EarthQuakeMonitoringTests" */;
			buildPhases = (
				E4C1ADB02C1B2204003F3798 /* Sources */,
				E4C1ADB12C1B2204003F3798 /* Frameworks */,
				E4C1ADB22C1B2204003F3798 /* Resources */,
			);
			buildRules = (
			);
			dependencies = (
				E4C1ADB62C1B2204003F3798 /* PBXTargetDependency */,
			);
			name = EarthQuakeMonitoringTests;
			productName = EarthQuakeMonitoringTests;
			productReference = E4C1ADB42C1B2204003F3798 /* EarthQuakeMonitoringTests.xctest */;
			productType = "com.apple.product-type.bundle.unit-test";
		};
		E4C1ADBD2C1B2204003F3798 /* EarthQuakeMonitoringUITests */ = {
			isa = PBXNativeTarget;
			buildConfigurationList = E4C1ADCE2C1B2204003F3798 /* Build configuration list for PBXNativeTarget "EarthQuakeMonitoringUITests" */;
			buildPhases = (
				E4C1ADBA2C1B2204003F3798 /* Sources */,
				E4C1ADBB2C1B2204003F3798 /* Frameworks */,
				E4C1ADBC2C1B2204003F3798 /* Resources */,
			);
			buildRules = (
			);
			dependencies = (
				E4C1ADC02C1B2204003F3798 /* PBXTargetDependency */,
			);
			name = EarthQuakeMonitoringUITests;
			productName = EarthQuakeMonitoringUITests;
			productReference = E4C1ADBE2C1B2204003F3798 /* EarthQuakeMonitoringUITests.xctest */;
			productType = "com.apple.product-type.bundle.ui-testing";
		};
/* End PBXNativeTarget section */

/* Begin PBXProject section */
		E4C1AD962C1B2202003F3798 /* Project object */ = {
			isa = PBXProject;
			attributes = {
				BuildIndependentTargetsInParallel = 1;
				LastSwiftUpdateCheck = 1540;
				LastUpgradeCheck = 1540;
				TargetAttributes = {
					E4C1AD9D2C1B2202003F3798 = {
						CreatedOnToolsVersion = 15.4;
					};
					E4C1ADB32C1B2204003F3798 = {
						CreatedOnToolsVersion = 15.4;
						TestTargetID = E4C1AD9D2C1B2202003F3798;
					};
					E4C1ADBD2C1B2204003F3798 = {
						CreatedOnToolsVersion = 15.4;
						TestTargetID = E4C1AD9D2C1B2202003F3798;
					};
				};
			};
			buildConfigurationList = E4C1AD992C1B2202003F3798 /* Build configuration list for PBXProject "EarthQuakeMonitoring" */;
			compatibilityVersion = "Xcode 14.0";
			developmentRegion = en;
			hasScannedForEncodings = 0;
			knownRegions = (
				en,
				Base,
			);
			mainGroup = E4C1AD952C1B2202003F3798;
			packageReferences = (
				65CBA7D22C3E5D9B0095201A /* XCRemoteSwiftPackageReference "RxSwift" */,
			);
			productRefGroup = E4C1AD9F2C1B2202003F3798 /* Products */;
			projectDirPath = "";
			projectRoot = "";
			targets = (
				E4C1AD9D2C1B2202003F3798 /* EarthQuakeMonitoring */,
				E4C1ADB32C1B2204003F3798 /* EarthQuakeMonitoringTests */,
				E4C1ADBD2C1B2204003F3798 /* EarthQuakeMonitoringUITests */,
			);
		};
/* End PBXProject section */

/* Begin PBXResourcesBuildPhase section */
		E4C1AD9C2C1B2202003F3798 /* Resources */ = {
			isa = PBXResourcesBuildPhase;
			buildActionMask = 2147483647;
			files = (
				E4C1ADAB2C1B2204003F3798 /* Assets.xcassets in Resources */,
				E4C1ADAE2C1B2204003F3798 /* Base in Resources */,
			);
			runOnlyForDeploymentPostprocessing = 0;
		};
		E4C1ADB22C1B2204003F3798 /* Resources */ = {
			isa = PBXResourcesBuildPhase;
			buildActionMask = 2147483647;
			files = (
			);
			runOnlyForDeploymentPostprocessing = 0;
		};
		E4C1ADBC2C1B2204003F3798 /* Resources */ = {
			isa = PBXResourcesBuildPhase;
			buildActionMask = 2147483647;
			files = (
			);
			runOnlyForDeploymentPostprocessing = 0;
		};
/* End PBXResourcesBuildPhase section */

/* Begin PBXSourcesBuildPhase section */
		E4C1AD9A2C1B2202003F3798 /* Sources */ = {
			isa = PBXSourcesBuildPhase;
			buildActionMask = 2147483647;
			files = (
				E4C1ADA62C1B2202003F3798 /* ViewController.swift in Sources */,
				E44B61A62C2410B0008D6D77 /* FavouritesController.swift in Sources */,
				65CBA7E02C3E5FB20095201A /* EarthquakeJSONStructure.swift in Sources */,
				E40A6CC02C33CE880067FBAD /* Favourites+CoreDataClass.swift in Sources */,
				E40A6CC12C33CE880067FBAD /* Favourites+CoreDataProperties.swift in Sources */,
				E44B61A42C241014008D6D77 /* SearchViewController.swift in Sources */,
				E44B61A22C240FAD008D6D77 /* MapViewController.swift in Sources */,
				E4C1ADA22C1B2202003F3798 /* AppDelegate.swift in Sources */,
				E4535FBF2C3680F500DE2B47 /* CoreDataService.swift in Sources */,
				E40A6CC72C33F7BC0067FBAD /* DetailTableCell.swift in Sources */,
				E44B61A82C24110F008D6D77 /* DetailedViewController.swift in Sources */,
				E44B61A02C240DC0008D6D77 /* MainTabBarController.swift in Sources */,
				65CBA7DC2C3E5EB60095201A /* EarthquakeViewModel.swift in Sources */,
				65CBA7D92C3E5E610095201A /* Network Manager.swift in Sources */,
				E40A6CC52C33CF7E0067FBAD /* FavouritesLocationCell.swift in Sources */,
				E4C1ADA42C1B2202003F3798 /* SceneDelegate.swift in Sources */,
				65CBA7DE2C3E5F800095201A /* EathquakeStructure.swift in Sources */,
				E44B619E2C23FA0E008D6D77 /* Extensions.swift in Sources */,
			);
			runOnlyForDeploymentPostprocessing = 0;
		};
		E4C1ADB02C1B2204003F3798 /* Sources */ = {
			isa = PBXSourcesBuildPhase;
			buildActionMask = 2147483647;
			files = (
				E4C1ADB92C1B2204003F3798 /* EarthQuakeMonitoringTests.swift in Sources */,
			);
			runOnlyForDeploymentPostprocessing = 0;
		};
		E4C1ADBA2C1B2204003F3798 /* Sources */ = {
			isa = PBXSourcesBuildPhase;
			buildActionMask = 2147483647;
			files = (
				E4C1ADC32C1B2204003F3798 /* EarthQuakeMonitoringUITests.swift in Sources */,
				E4C1ADC52C1B2204003F3798 /* EarthQuakeMonitoringUITestsLaunchTests.swift in Sources */,
			);
			runOnlyForDeploymentPostprocessing = 0;
		};
/* End PBXSourcesBuildPhase section */

/* Begin PBXTargetDependency section */
		E4C1ADB62C1B2204003F3798 /* PBXTargetDependency */ = {
			isa = PBXTargetDependency;
			target = E4C1AD9D2C1B2202003F3798 /* EarthQuakeMonitoring */;
			targetProxy = E4C1ADB52C1B2204003F3798 /* PBXContainerItemProxy */;
		};
		E4C1ADC02C1B2204003F3798 /* PBXTargetDependency */ = {
			isa = PBXTargetDependency;
			target = E4C1AD9D2C1B2202003F3798 /* EarthQuakeMonitoring */;
			targetProxy = E4C1ADBF2C1B2204003F3798 /* PBXContainerItemProxy */;
		};
/* End PBXTargetDependency section */

/* Begin PBXVariantGroup section */
		E4C1ADAC2C1B2204003F3798 /* LaunchScreen.storyboard */ = {
			isa = PBXVariantGroup;
			children = (
				E4C1ADAD2C1B2204003F3798 /* Base */,
			);
			name = LaunchScreen.storyboard;
			sourceTree = "<group>";
		};
/* End PBXVariantGroup section */

/* Begin XCBuildConfiguration section */
		E4C1ADC62C1B2204003F3798 /* Debug */ = {
			isa = XCBuildConfiguration;
			buildSettings = {
				ALWAYS_SEARCH_USER_PATHS = NO;
				ASSETCATALOG_COMPILER_GENERATE_SWIFT_ASSET_SYMBOL_EXTENSIONS = YES;
				CLANG_ANALYZER_NONNULL = YES;
				CLANG_ANALYZER_NUMBER_OBJECT_CONVERSION = YES_AGGRESSIVE;
				CLANG_CXX_LANGUAGE_STANDARD = "gnu++20";
				CLANG_ENABLE_MODULES = YES;
				CLANG_ENABLE_OBJC_ARC = YES;
				CLANG_ENABLE_OBJC_WEAK = YES;
				CLANG_WARN_BLOCK_CAPTURE_AUTORELEASING = YES;
				CLANG_WARN_BOOL_CONVERSION = YES;
				CLANG_WARN_COMMA = YES;
				CLANG_WARN_CONSTANT_CONVERSION = YES;
				CLANG_WARN_DEPRECATED_OBJC_IMPLEMENTATIONS = YES;
				CLANG_WARN_DIRECT_OBJC_ISA_USAGE = YES_ERROR;
				CLANG_WARN_DOCUMENTATION_COMMENTS = YES;
				CLANG_WARN_EMPTY_BODY = YES;
				CLANG_WARN_ENUM_CONVERSION = YES;
				CLANG_WARN_INFINITE_RECURSION = YES;
				CLANG_WARN_INT_CONVERSION = YES;
				CLANG_WARN_NON_LITERAL_NULL_CONVERSION = YES;
				CLANG_WARN_OBJC_IMPLICIT_RETAIN_SELF = YES;
				CLANG_WARN_OBJC_LITERAL_CONVERSION = YES;
				CLANG_WARN_OBJC_ROOT_CLASS = YES_ERROR;
				CLANG_WARN_QUOTED_INCLUDE_IN_FRAMEWORK_HEADER = YES;
				CLANG_WARN_RANGE_LOOP_ANALYSIS = YES;
				CLANG_WARN_STRICT_PROTOTYPES = YES;
				CLANG_WARN_SUSPICIOUS_MOVE = YES;
				CLANG_WARN_UNGUARDED_AVAILABILITY = YES_AGGRESSIVE;
				CLANG_WARN_UNREACHABLE_CODE = YES;
				CLANG_WARN__DUPLICATE_METHOD_MATCH = YES;
				COPY_PHASE_STRIP = NO;
				DEBUG_INFORMATION_FORMAT = dwarf;
				ENABLE_STRICT_OBJC_MSGSEND = YES;
				ENABLE_TESTABILITY = YES;
				ENABLE_USER_SCRIPT_SANDBOXING = YES;
				GCC_C_LANGUAGE_STANDARD = gnu17;
				GCC_DYNAMIC_NO_PIC = NO;
				GCC_NO_COMMON_BLOCKS = YES;
				GCC_OPTIMIZATION_LEVEL = 0;
				GCC_PREPROCESSOR_DEFINITIONS = (
					"DEBUG=1",
					"$(inherited)",
				);
				GCC_WARN_64_TO_32_BIT_CONVERSION = YES;
				GCC_WARN_ABOUT_RETURN_TYPE = YES_ERROR;
				GCC_WARN_UNDECLARED_SELECTOR = YES;
				GCC_WARN_UNINITIALIZED_AUTOS = YES_AGGRESSIVE;
				GCC_WARN_UNUSED_FUNCTION = YES;
				GCC_WARN_UNUSED_VARIABLE = YES;
				IPHONEOS_DEPLOYMENT_TARGET = 17.0;
				LOCALIZATION_PREFERS_STRING_CATALOGS = YES;
				MTL_ENABLE_DEBUG_INFO = INCLUDE_SOURCE;
				MTL_FAST_MATH = YES;
				ONLY_ACTIVE_ARCH = YES;
				SDKROOT = iphoneos;
				SWIFT_ACTIVE_COMPILATION_CONDITIONS = "DEBUG $(inherited)";
				SWIFT_OPTIMIZATION_LEVEL = "-Onone";
			};
			name = Debug;
		};
		E4C1ADC72C1B2204003F3798 /* Release */ = {
			isa = XCBuildConfiguration;
			buildSettings = {
				ALWAYS_SEARCH_USER_PATHS = NO;
				ASSETCATALOG_COMPILER_GENERATE_SWIFT_ASSET_SYMBOL_EXTENSIONS = YES;
				CLANG_ANALYZER_NONNULL = YES;
				CLANG_ANALYZER_NUMBER_OBJECT_CONVERSION = YES_AGGRESSIVE;
				CLANG_CXX_LANGUAGE_STANDARD = "gnu++20";
				CLANG_ENABLE_MODULES = YES;
				CLANG_ENABLE_OBJC_ARC = YES;
				CLANG_ENABLE_OBJC_WEAK = YES;
				CLANG_WARN_BLOCK_CAPTURE_AUTORELEASING = YES;
				CLANG_WARN_BOOL_CONVERSION = YES;
				CLANG_WARN_COMMA = YES;
				CLANG_WARN_CONSTANT_CONVERSION = YES;
				CLANG_WARN_DEPRECATED_OBJC_IMPLEMENTATIONS = YES;
				CLANG_WARN_DIRECT_OBJC_ISA_USAGE = YES_ERROR;
				CLANG_WARN_DOCUMENTATION_COMMENTS = YES;
				CLANG_WARN_EMPTY_BODY = YES;
				CLANG_WARN_ENUM_CONVERSION = YES;
				CLANG_WARN_INFINITE_RECURSION = YES;
				CLANG_WARN_INT_CONVERSION = YES;
				CLANG_WARN_NON_LITERAL_NULL_CONVERSION = YES;
				CLANG_WARN_OBJC_IMPLICIT_RETAIN_SELF = YES;
				CLANG_WARN_OBJC_LITERAL_CONVERSION = YES;
				CLANG_WARN_OBJC_ROOT_CLASS = YES_ERROR;
				CLANG_WARN_QUOTED_INCLUDE_IN_FRAMEWORK_HEADER = YES;
				CLANG_WARN_RANGE_LOOP_ANALYSIS = YES;
				CLANG_WARN_STRICT_PROTOTYPES = YES;
				CLANG_WARN_SUSPICIOUS_MOVE = YES;
				CLANG_WARN_UNGUARDED_AVAILABILITY = YES_AGGRESSIVE;
				CLANG_WARN_UNREACHABLE_CODE = YES;
				CLANG_WARN__DUPLICATE_METHOD_MATCH = YES;
				COPY_PHASE_STRIP = NO;
				DEBUG_INFORMATION_FORMAT = "dwarf-with-dsym";
				ENABLE_NS_ASSERTIONS = NO;
				ENABLE_STRICT_OBJC_MSGSEND = YES;
				ENABLE_USER_SCRIPT_SANDBOXING = YES;
				GCC_C_LANGUAGE_STANDARD = gnu17;
				GCC_NO_COMMON_BLOCKS = YES;
				GCC_WARN_64_TO_32_BIT_CONVERSION = YES;
				GCC_WARN_ABOUT_RETURN_TYPE = YES_ERROR;
				GCC_WARN_UNDECLARED_SELECTOR = YES;
				GCC_WARN_UNINITIALIZED_AUTOS = YES_AGGRESSIVE;
				GCC_WARN_UNUSED_FUNCTION = YES;
				GCC_WARN_UNUSED_VARIABLE = YES;
				IPHONEOS_DEPLOYMENT_TARGET = 17.0;
				LOCALIZATION_PREFERS_STRING_CATALOGS = YES;
				MTL_ENABLE_DEBUG_INFO = NO;
				MTL_FAST_MATH = YES;
				SDKROOT = iphoneos;
				SWIFT_COMPILATION_MODE = wholemodule;
				VALIDATE_PRODUCT = YES;
			};
			name = Release;
		};
		E4C1ADC92C1B2204003F3798 /* Debug */ = {
			isa = XCBuildConfiguration;
			buildSettings = {
				ASSETCATALOG_COMPILER_APPICON_NAME = AppIcon;
				ASSETCATALOG_COMPILER_GLOBAL_ACCENT_COLOR_NAME = AccentColor;
				CODE_SIGN_STYLE = Automatic;
				CURRENT_PROJECT_VERSION = 1;
				DEVELOPMENT_TEAM = 79UA548H4L;
				GENERATE_INFOPLIST_FILE = YES;
				INFOPLIST_FILE = EarthQuakeMonitoring/Info.plist;
				INFOPLIST_KEY_UIApplicationSupportsIndirectInputEvents = YES;
				INFOPLIST_KEY_UILaunchStoryboardName = LaunchScreen;
				INFOPLIST_KEY_UISupportedInterfaceOrientations_iPad = "UIInterfaceOrientationPortrait UIInterfaceOrientationPortraitUpsideDown UIInterfaceOrientationLandscapeLeft UIInterfaceOrientationLandscapeRight";
				INFOPLIST_KEY_UISupportedInterfaceOrientations_iPhone = "UIInterfaceOrientationPortrait UIInterfaceOrientationLandscapeLeft UIInterfaceOrientationLandscapeRight";
				LD_RUNPATH_SEARCH_PATHS = (
					"$(inherited)",
					"@executable_path/Frameworks",
				);
				MARKETING_VERSION = 1.0;
				PRODUCT_BUNDLE_IDENTIFIER = com.emtech.EarthQuakeMonitoring;
				PRODUCT_NAME = "$(TARGET_NAME)";
				SWIFT_EMIT_LOC_STRINGS = YES;
				SWIFT_VERSION = 5.0;
				TARGETED_DEVICE_FAMILY = "1,2";
			};
			name = Debug;
		};
		E4C1ADCA2C1B2204003F3798 /* Release */ = {
			isa = XCBuildConfiguration;
			buildSettings = {
				ASSETCATALOG_COMPILER_APPICON_NAME = AppIcon;
				ASSETCATALOG_COMPILER_GLOBAL_ACCENT_COLOR_NAME = AccentColor;
				CODE_SIGN_STYLE = Automatic;
				CURRENT_PROJECT_VERSION = 1;
				DEVELOPMENT_TEAM = 79UA548H4L;
				GENERATE_INFOPLIST_FILE = YES;
				INFOPLIST_FILE = EarthQuakeMonitoring/Info.plist;
				INFOPLIST_KEY_UIApplicationSupportsIndirectInputEvents = YES;
				INFOPLIST_KEY_UILaunchStoryboardName = LaunchScreen;
				INFOPLIST_KEY_UISupportedInterfaceOrientations_iPad = "UIInterfaceOrientationPortrait UIInterfaceOrientationPortraitUpsideDown UIInterfaceOrientationLandscapeLeft UIInterfaceOrientationLandscapeRight";
				INFOPLIST_KEY_UISupportedInterfaceOrientations_iPhone = "UIInterfaceOrientationPortrait UIInterfaceOrientationLandscapeLeft UIInterfaceOrientationLandscapeRight";
				LD_RUNPATH_SEARCH_PATHS = (
					"$(inherited)",
					"@executable_path/Frameworks",
				);
				MARKETING_VERSION = 1.0;
				PRODUCT_BUNDLE_IDENTIFIER = com.emtech.EarthQuakeMonitoring;
				PRODUCT_NAME = "$(TARGET_NAME)";
				SWIFT_EMIT_LOC_STRINGS = YES;
				SWIFT_VERSION = 5.0;
				TARGETED_DEVICE_FAMILY = "1,2";
			};
			name = Release;
		};
		E4C1ADCC2C1B2204003F3798 /* Debug */ = {
			isa = XCBuildConfiguration;
			buildSettings = {
				ALWAYS_EMBED_SWIFT_STANDARD_LIBRARIES = YES;
				BUNDLE_LOADER = "$(TEST_HOST)";
				CODE_SIGN_STYLE = Automatic;
				CURRENT_PROJECT_VERSION = 1;
				DEVELOPMENT_TEAM = 79UA548H4L;
				GENERATE_INFOPLIST_FILE = YES;
				IPHONEOS_DEPLOYMENT_TARGET = 17.5;
				MARKETING_VERSION = 1.0;
				PRODUCT_BUNDLE_IDENTIFIER = com.emtech.EarthQuakeMonitoringTests;
				PRODUCT_NAME = "$(TARGET_NAME)";
				SWIFT_EMIT_LOC_STRINGS = NO;
				SWIFT_VERSION = 5.0;
				TARGETED_DEVICE_FAMILY = "1,2";
				TEST_HOST = "$(BUILT_PRODUCTS_DIR)/EarthQuakeMonitoring.app/$(BUNDLE_EXECUTABLE_FOLDER_PATH)/EarthQuakeMonitoring";
			};
			name = Debug;
		};
		E4C1ADCD2C1B2204003F3798 /* Release */ = {
			isa = XCBuildConfiguration;
			buildSettings = {
				ALWAYS_EMBED_SWIFT_STANDARD_LIBRARIES = YES;
				BUNDLE_LOADER = "$(TEST_HOST)";
				CODE_SIGN_STYLE = Automatic;
				CURRENT_PROJECT_VERSION = 1;
				DEVELOPMENT_TEAM = 79UA548H4L;
				GENERATE_INFOPLIST_FILE = YES;
				IPHONEOS_DEPLOYMENT_TARGET = 17.5;
				MARKETING_VERSION = 1.0;
				PRODUCT_BUNDLE_IDENTIFIER = com.emtech.EarthQuakeMonitoringTests;
				PRODUCT_NAME = "$(TARGET_NAME)";
				SWIFT_EMIT_LOC_STRINGS = NO;
				SWIFT_VERSION = 5.0;
				TARGETED_DEVICE_FAMILY = "1,2";
				TEST_HOST = "$(BUILT_PRODUCTS_DIR)/EarthQuakeMonitoring.app/$(BUNDLE_EXECUTABLE_FOLDER_PATH)/EarthQuakeMonitoring";
			};
			name = Release;
		};
		E4C1ADCF2C1B2204003F3798 /* Debug */ = {
			isa = XCBuildConfiguration;
			buildSettings = {
				ALWAYS_EMBED_SWIFT_STANDARD_LIBRARIES = YES;
				CODE_SIGN_STYLE = Automatic;
				CURRENT_PROJECT_VERSION = 1;
				DEVELOPMENT_TEAM = 79UA548H4L;
				GENERATE_INFOPLIST_FILE = YES;
				MARKETING_VERSION = 1.0;
				PRODUCT_BUNDLE_IDENTIFIER = com.emtech.EarthQuakeMonitoringUITests;
				PRODUCT_NAME = "$(TARGET_NAME)";
				SWIFT_EMIT_LOC_STRINGS = NO;
				SWIFT_VERSION = 5.0;
				TARGETED_DEVICE_FAMILY = "1,2";
				TEST_TARGET_NAME = EarthQuakeMonitoring;
			};
			name = Debug;
		};
		E4C1ADD02C1B2204003F3798 /* Release */ = {
			isa = XCBuildConfiguration;
			buildSettings = {
				ALWAYS_EMBED_SWIFT_STANDARD_LIBRARIES = YES;
				CODE_SIGN_STYLE = Automatic;
				CURRENT_PROJECT_VERSION = 1;
				DEVELOPMENT_TEAM = 79UA548H4L;
				GENERATE_INFOPLIST_FILE = YES;
				MARKETING_VERSION = 1.0;
				PRODUCT_BUNDLE_IDENTIFIER = com.emtech.EarthQuakeMonitoringUITests;
				PRODUCT_NAME = "$(TARGET_NAME)";
				SWIFT_EMIT_LOC_STRINGS = NO;
				SWIFT_VERSION = 5.0;
				TARGETED_DEVICE_FAMILY = "1,2";
				TEST_TARGET_NAME = EarthQuakeMonitoring;
			};
			name = Release;
		};
/* End XCBuildConfiguration section */

/* Begin XCConfigurationList section */
		E4C1AD992C1B2202003F3798 /* Build configuration list for PBXProject "EarthQuakeMonitoring" */ = {
			isa = XCConfigurationList;
			buildConfigurations = (
				E4C1ADC62C1B2204003F3798 /* Debug */,
				E4C1ADC72C1B2204003F3798 /* Release */,
			);
			defaultConfigurationIsVisible = 0;
			defaultConfigurationName = Release;
		};
		E4C1ADC82C1B2204003F3798 /* Build configuration list for PBXNativeTarget "EarthQuakeMonitoring" */ = {
			isa = XCConfigurationList;
			buildConfigurations = (
				E4C1ADC92C1B2204003F3798 /* Debug */,
				E4C1ADCA2C1B2204003F3798 /* Release */,
			);
			defaultConfigurationIsVisible = 0;
			defaultConfigurationName = Release;
		};
		E4C1ADCB2C1B2204003F3798 /* Build configuration list for PBXNativeTarget "EarthQuakeMonitoringTests" */ = {
			isa = XCConfigurationList;
			buildConfigurations = (
				E4C1ADCC2C1B2204003F3798 /* Debug */,
				E4C1ADCD2C1B2204003F3798 /* Release */,
			);
			defaultConfigurationIsVisible = 0;
			defaultConfigurationName = Release;
		};
		E4C1ADCE2C1B2204003F3798 /* Build configuration list for PBXNativeTarget "EarthQuakeMonitoringUITests" */ = {
			isa = XCConfigurationList;
			buildConfigurations = (
				E4C1ADCF2C1B2204003F3798 /* Debug */,
				E4C1ADD02C1B2204003F3798 /* Release */,
			);
			defaultConfigurationIsVisible = 0;
			defaultConfigurationName = Release;
		};
/* End XCConfigurationList section */

/* Begin XCRemoteSwiftPackageReference section */
		65CBA7D22C3E5D9B0095201A /* XCRemoteSwiftPackageReference "RxSwift" */ = {
			isa = XCRemoteSwiftPackageReference;
			repositoryURL = "https://github.com/ReactiveX/RxSwift";
			requirement = {
				kind = upToNextMajorVersion;
				minimumVersion = 6.7.1;
			};
		};
/* End XCRemoteSwiftPackageReference section */

/* Begin XCSwiftPackageProductDependency section */
		65CBA7D32C3E5D9B0095201A /* RxCocoa */ = {
			isa = XCSwiftPackageProductDependency;
			package = 65CBA7D22C3E5D9B0095201A /* XCRemoteSwiftPackageReference "RxSwift" */;
			productName = RxCocoa;
		};
		65CBA7D52C3E5D9B0095201A /* RxSwift */ = {
			isa = XCSwiftPackageProductDependency;
			package = 65CBA7D22C3E5D9B0095201A /* XCRemoteSwiftPackageReference "RxSwift" */;
			productName = RxSwift;
		};
/* End XCSwiftPackageProductDependency section */
	};
	rootObject = E4C1AD962C1B2202003F3798 /* Project object */;
}
